train-pose-net:
  cmd: python train.py --config configs/pose_net.yaml --out models/pose_net.pth --seed
    1 --gpu 1 --log_every_n_steps 1
  deps:
  - path: lieposenet
    md5: eca1211ce098496f1911a355ee714cf3.dir
    size: 94172
    nfiles: 43
  - path: train.py
    md5: a75669996f890000006d9b4eee451c4f
    size: 1763
  params:
    configs/pose_net.yaml:
      max_epochs: 10
      model:
        name: pose_net
        feature_extractor:
          name: resnet34
          pretrained: true
        criterion:
          name: poe_se3
        feature_dimension: 2048
        drop_rate: 0.5
        optimizer:
          betas: 0.9 0.999
          lr: 0.0001
  outs:
  - path: models/pose_net.pth.ckpt
    md5: 93f335047274d122e168d7fc7fa42748
    size: 275126520
test-pose-net:
  cmd: python eval.py --config configs/pose_net.yaml --model models/pose_net.pth.ckpt
    --seed 1 --gpu 1 --log_every_n_steps 1
  deps:
  - path: eval.py
    md5: 62d59a4c626b6b689d01b8807dc3ff81
    size: 1825
  - path: lieposenet
    md5: eca1211ce098496f1911a355ee714cf3.dir
    size: 94172
    nfiles: 43
  - path: models/pose_net.pth.ckpt
    md5: 93f335047274d122e168d7fc7fa42748
    size: 275126520
  params:
    configs/pose_net.yaml:
      model:
        name: pose_net
        feature_extractor:
          name: resnet34
          pretrained: true
        criterion:
          name: poe_se3
        feature_dimension: 2048
        drop_rate: 0.5
        optimizer:
          betas: 0.9 0.999
          lr: 0.0001
  outs:
  - path: metrics.json
    md5: 55b16752bcb5438ebcd77a13432cb724
    size: 113
  - path: trajectories.npy
    md5: 03d2d1cef970ee9492ce13f86884c136
    size: 96128
