train-pose-net:
  cmd: python train.py --config configs/pose_net.yaml --out models/pose_net.pth --seed
    1 --gpu 1 --log_every_n_steps 1
  deps:
  - path: lieposenet
    md5: ceee33cedeed84daf9c06760e7c301b4.dir
    size: 102472
    nfiles: 47
  - path: train.py
    md5: ceb05b50de7c71946a909cc44dc939aa
    size: 1780
  params:
    configs/pose_net.yaml:
      data_module:
        batch_size: 32
        use_test: true
        num_workers: 4
      max_epochs: 15
      model:
        name: pose_net
        feature_extractor:
          name: resnet34
          pretrained: true
        criterion:
          name: se3
        feature_dimension: 2048
        drop_rate: 0.15
        optimizer:
          betas: 0.9 0.999
          lr: 0.0001
          weight_decay: 0.0005
        scheduler:
          step_size: 2
          gamma: 0.5
        bias: true
  outs:
  - path: models/pose_net.pth.ckpt
    md5: 38250b40f095515c11e68854b8f14ed8
    size: 268930751
test-pose-net:
  cmd: python eval.py --config configs/pose_net.yaml --model models/pose_net.pth.ckpt
    --seed 1 --gpu 1 --log_every_n_steps 1
  deps:
  - path: eval.py
    md5: 26b2f43da3a26164ef75e5cd753265da
    size: 2073
  - path: lieposenet
    md5: ceee33cedeed84daf9c06760e7c301b4.dir
    size: 102472
    nfiles: 47
  - path: models/pose_net.pth.ckpt
    md5: 38250b40f095515c11e68854b8f14ed8
    size: 268930751
  params:
    configs/pose_net.yaml:
      data_module:
        batch_size: 32
        use_test: true
        num_workers: 4
      model:
        name: pose_net
        feature_extractor:
          name: resnet34
          pretrained: true
        criterion:
          name: se3
        feature_dimension: 2048
        drop_rate: 0.15
        optimizer:
          betas: 0.9 0.999
          lr: 0.0001
          weight_decay: 0.0005
        scheduler:
          step_size: 2
          gamma: 0.5
        bias: true
  outs:
  - path: metrics.json
    md5: 6d065f44c9f94ff21e6f7921cbb93c5b
    size: 199
  - path: trajectories.npy
    md5: 74176dad648bfa49cebebc7204800e5e
    size: 336644
train-fire:
  cmd: python train.py --config configs/pose_net.yaml --dataset_name fire --out models/fire_pose_net.pth
    --seed 1 --gpu 1 --log_every_n_steps 1
  deps:
  - path: lieposenet
    md5: deca35ae44138b7b254301f1645485ff.dir
    size: 132572
    nfiles: 58
  - path: train.py
    md5: fb5134f26ef06de4bc0d4dc0de875864
    size: 1839
  params:
    configs/pose_net.yaml:
      data_module:
        batch_size: 32
        use_test: true
        num_workers: 4
        image_size: 256
      max_epochs: 300
      model:
        name: pose_net
        feature_extractor:
          name: ipl_cnn
          pretrained: true
        criterion:
          name: se3
          rotation_koef: -3.0
          translation_koef: -3.0
        feature_dimension: 2048
        drop_rate: 0.15
        optimizer:
          betas: 0.9 0.999
          lr: 0.01
          weight_decay: 0.0005
        scheduler:
          step_size: 20
          gamma: 0.5
        bias: true
        activation: relu
  outs:
  - path: models/fire_pose_net.pth.ckpt
    md5: a63d7d76d4316c506295ccf726042b34
    size: 607661
train-chess:
  cmd: python train.py --config configs/pose_net.yaml --dataset_name chess --out models/chess_pose_net.pth
    --seed 1 --gpu 1 --log_every_n_steps 1
  deps:
  - path: lieposenet
    md5: 5659fb263ee57d5ba8ce4dae29af91b3.dir
    size: 103849
    nfiles: 47
  - path: train.py
    md5: fb5134f26ef06de4bc0d4dc0de875864
    size: 1839
  params:
    configs/pose_net.yaml:
      data_module:
        batch_size: 32
        use_test: true
        num_workers: 4
      max_epochs: 15
      model:
        name: pose_net
        feature_extractor:
          name: resnet34
          pretrained: true
        criterion:
          name: se3
        feature_dimension: 2048
        drop_rate: 0.15
        optimizer:
          betas: 0.9 0.999
          lr: 0.0001
          weight_decay: 0.0005
        bias: true
  outs:
  - path: models/chess_pose_net.pth.ckpt
    md5: ab5330585ba5be0640d0fc04635c4deb
    size: 268931019
test-chess:
  cmd: python eval.py --config configs/pose_net.yaml --dataset_name chess --result
    metrics/chess_metrics.json --data_saver_path metrics/chess_trajectories.npy --model
    models/chess_pose_net.pth.ckpt --seed 1 --gpu 1 --log_every_n_steps 1
  deps:
  - path: eval.py
    md5: f4dae0d7273fb4ef256bda2228a1ae74
    size: 2095
  - path: lieposenet
    md5: 5659fb263ee57d5ba8ce4dae29af91b3.dir
    size: 103849
    nfiles: 47
  - path: models/chess_pose_net.pth.ckpt
    md5: ab5330585ba5be0640d0fc04635c4deb
    size: 268931019
  params:
    configs/pose_net.yaml:
      data_module:
        batch_size: 32
        use_test: true
        num_workers: 4
      model:
        name: pose_net
        feature_extractor:
          name: resnet34
          pretrained: true
        criterion:
          name: se3
        feature_dimension: 2048
        drop_rate: 0.15
        optimizer:
          betas: 0.9 0.999
          lr: 0.0001
          weight_decay: 0.0005
        bias: true
  outs:
  - path: metrics/chess_metrics.json
    md5: 887047ab9c9c3775abc41c38182ec4ac
    size: 199
  - path: metrics/chess_trajectories.npy
    md5: 5f3ce1fd12a32ba32be868d6de19f98b
    size: 752777
test-fire:
  cmd: python eval.py --config configs/pose_net.yaml --dataset_name fire --result
    metrics/fire_metrics.json --data_saver_path metrics/fire_trajectories.npy --model
    models/fire_pose_net.pth.ckpt --seed 1 --gpu 1 --log_every_n_steps 1
  deps:
  - path: eval.py
    md5: f4dae0d7273fb4ef256bda2228a1ae74
    size: 2095
  - path: lieposenet
    md5: deca35ae44138b7b254301f1645485ff.dir
    size: 132572
    nfiles: 58
  - path: models/fire_pose_net.pth.ckpt
    md5: a63d7d76d4316c506295ccf726042b34
    size: 607661
  params:
    configs/pose_net.yaml:
      data_module:
        batch_size: 32
        use_test: true
        num_workers: 4
        image_size: 256
      model:
        name: pose_net
        feature_extractor:
          name: ipl_cnn
          pretrained: true
        criterion:
          name: se3
          rotation_koef: -3.0
          translation_koef: -3.0
        feature_dimension: 2048
        drop_rate: 0.15
        optimizer:
          betas: 0.9 0.999
          lr: 0.01
          weight_decay: 0.0005
        scheduler:
          step_size: 20
          gamma: 0.5
        bias: true
        activation: relu
  outs:
  - path: metrics/fire_metrics.json
    md5: 7d4790e879643218555efe97ac81d13a
    size: 199
  - path: metrics/fire_trajectories.npy
    md5: 26dcaa30d41f3aa19d0c88506bf36ab9
    size: 752777
